<?xml version="1.0" encoding="utf-8"?>
<Project ToolsVersion="4.0" xmlns="http://schemas.microsoft.com/developer/msbuild/2003">
  <ItemGroup>
    <Filter Include="Source Files">
      <UniqueIdentifier>{4FC737F1-C7A5-4376-A066-2A32D752A2FF}</UniqueIdentifier>
      <Extensions>cpp;c;cc;cxx;def;odl;idl;hpj;bat;asm;asmx</Extensions>
    </Filter>
    <Filter Include="Header Files">
      <UniqueIdentifier>{93995380-89BD-4b04-88EB-625FBE52EBFB}</UniqueIdentifier>
      <Extensions>h;hpp;hxx;hm;inl;inc;xsd</Extensions>
    </Filter>
    <Filter Include="Header Files\HTTP">
      <UniqueIdentifier>{40d8c7d6-1c12-4fda-b863-13d67866a062}</UniqueIdentifier>
    </Filter>
    <Filter Include="Header Files\ProgressForm">
      <UniqueIdentifier>{bb115c5e-7ee4-4fab-ba35-87d471cbe60e}</UniqueIdentifier>
    </Filter>
    <Filter Include="Header Files\Concurrent">
      <UniqueIdentifier>{53895936-7ba8-45ba-add6-4523d3eb363c}</UniqueIdentifier>
    </Filter>
    <Filter Include="Header Files\PicasaFeed">
      <UniqueIdentifier>{4a34015d-5edf-40de-a130-85ec0f079c63}</UniqueIdentifier>
    </Filter>
    <Filter Include="Header Files\Utils">
      <UniqueIdentifier>{304ea43b-e166-43c0-91dc-3d46dcdfa5a1}</UniqueIdentifier>
    </Filter>
    <Filter Include="Header Files\OAuth2">
      <UniqueIdentifier>{15ce60fc-3a3a-40dc-b816-dc3249fb5b36}</UniqueIdentifier>
    </Filter>
    <Filter Include="Header Files\Database">
      <UniqueIdentifier>{2b39a910-ba9d-494d-9718-4e66f27e5a7f}</UniqueIdentifier>
    </Filter>
    <Filter Include="Header Files\MetaData">
      <UniqueIdentifier>{69390ef2-4ea1-43e2-a52d-efb86841bf9c}</UniqueIdentifier>
    </Filter>
    <Filter Include="Header Files\MetaData\TreeViewAdv">
      <UniqueIdentifier>{ee38f6cf-c590-4325-9dd4-9bb1b1e5aaaf}</UniqueIdentifier>
    </Filter>
    <Filter Include="Header Files\MediaFile">
      <UniqueIdentifier>{f3e8ef58-7398-4c2b-9bde-be77a1c92af9}</UniqueIdentifier>
    </Filter>
    <Filter Include="Header Files\HRTimer">
      <UniqueIdentifier>{2145882a-7c64-42f0-860e-cb888f4488b2}</UniqueIdentifier>
    </Filter>
    <Filter Include="Header Files\MediaSearch">
      <UniqueIdentifier>{059602b6-5a12-448e-992f-3bdda377e905}</UniqueIdentifier>
    </Filter>
    <Filter Include="Resource Files">
      <UniqueIdentifier>{67DA6AB6-F800-4c08-8B7A-83BB121AAD01}</UniqueIdentifier>
      <Extensions>rc;ico;cur;bmp;dlg;rc2;rct;bin;rgs;gif;jpg;jpeg;jpe;resx;tiff;tif;png;wav</Extensions>
    </Filter>
  </ItemGroup>
  <ItemGroup>
    <ClCompile Include="About.cpp">
      <Filter>Source Files</Filter>
    </ClCompile>
    <ClCompile Include="AboutForm.cpp">
      <Filter>Source Files</Filter>
    </ClCompile>
    <ClCompile Include="AnimatedPictureBoxControl.cpp">
      <Filter>Source Files</Filter>
    </ClCompile>
    <ClCompile Include="AssemblyInfo.cpp">
      <Filter>Source Files</Filter>
    </ClCompile>
    <ClCompile Include="CommentForm.cpp">
      <Filter>Source Files</Filter>
    </ClCompile>
    <ClCompile Include="DirectoryBrowserControl.cpp">
      <Filter>Source Files</Filter>
    </ClCompile>
    <ClCompile Include="GeoTagForm.cpp">
      <Filter>Source Files</Filter>
    </ClCompile>
    <ClCompile Include="ImageFileBrowserControl.cpp">
      <Filter>Source Files</Filter>
    </ClCompile>
    <ClCompile Include="ImageGridControl.cpp">
      <Filter>Source Files</Filter>
    </ClCompile>
    <ClCompile Include="ImagePanelControl.cpp">
      <Filter>Source Files</Filter>
    </ClCompile>
    <ClCompile Include="ImageSearchForm.cpp">
      <Filter>Source Files</Filter>
    </ClCompile>
    <ClCompile Include="imageviewer.cpp">
      <Filter>Source Files</Filter>
    </ClCompile>
    <ClCompile Include="InputDialog.cpp">
      <Filter>Source Files</Filter>
    </ClCompile>
    <ClCompile Include="LogForm.cpp">
      <Filter>Source Files</Filter>
    </ClCompile>
    <ClCompile Include="LoginDialog.cpp">
      <Filter>Source Files</Filter>
    </ClCompile>
    <ClCompile Include="MainForm.cpp">
      <Filter>Source Files</Filter>
    </ClCompile>
    <ClCompile Include="MediaInfoForm.cpp">
      <Filter>Source Files</Filter>
    </ClCompile>
    <ClCompile Include="MediaPreviewControl.cpp">
      <Filter>Source Files</Filter>
    </ClCompile>
    <ClCompile Include="MetaDataTree.cpp">
      <Filter>Source Files</Filter>
    </ClCompile>
    <ClCompile Include="PagerControl.cpp">
      <Filter>Source Files</Filter>
    </ClCompile>
    <ClCompile Include="PicasaAlbumForm.cpp">
      <Filter>Source Files</Filter>
    </ClCompile>
    <ClCompile Include="PicasaCommentForm.cpp">
      <Filter>Source Files</Filter>
    </ClCompile>
    <ClCompile Include="PicasaControl.cpp">
      <Filter>Source Files</Filter>
    </ClCompile>
    <ClCompile Include="PicasaDownload.cpp">
      <Filter>Source Files</Filter>
    </ClCompile>
    <ClCompile Include="PicasaForm.cpp">
      <Filter>Source Files</Filter>
    </ClCompile>
    <ClCompile Include="PicasaPhotoForm.cpp">
      <Filter>Source Files</Filter>
    </ClCompile>
    <ClCompile Include="ProgressForm.cpp">
      <Filter>Source Files</Filter>
    </ClCompile>
    <ClCompile Include="ResizeForm.cpp">
      <Filter>Source Files</Filter>
    </ClCompile>
    <ClCompile Include="ResizeUpdateEventArgs.cpp">
      <Filter>Source Files</Filter>
    </ClCompile>
    <ClCompile Include="SearchOptionsForm.cpp">
      <Filter>Source Files</Filter>
    </ClCompile>
    <ClCompile Include="SearchTextBoxControl.cpp">
      <Filter>Source Files</Filter>
    </ClCompile>
    <ClCompile Include="stdafx.cpp">
      <Filter>Source Files</Filter>
    </ClCompile>
    <ClCompile Include="TagEditorForm.cpp">
      <Filter>Source Files</Filter>
    </ClCompile>
    <ClCompile Include="UploadOutputForm.cpp">
      <Filter>Source Files</Filter>
    </ClCompile>
    <ClCompile Include="VideoDebugForm.cpp">
      <Filter>Source Files</Filter>
    </ClCompile>
    <ClCompile Include="VideoPanelControl.cpp">
      <Filter>Source Files</Filter>
    </ClCompile>
    <ClCompile Include="YoutubeForm.cpp">
      <Filter>Source Files</Filter>
    </ClCompile>
  </ItemGroup>
  <ItemGroup>
    <ClInclude Include="About.h">
      <Filter>Header Files</Filter>
    </ClInclude>
    <ClInclude Include="AnimatedPictureBoxControl.h">
      <Filter>Header Files</Filter>
    </ClInclude>
    <ClInclude Include="CommentForm.h">
      <Filter>Header Files</Filter>
    </ClInclude>
    <ClInclude Include="CustomToolTip.h">
      <Filter>Header Files</Filter>
    </ClInclude>
    <ClInclude Include="DirectoryBrowserAsyncState.h">
      <Filter>Header Files</Filter>
    </ClInclude>
    <ClInclude Include="DirectoryBrowserControl.h">
      <Filter>Header Files</Filter>
    </ClInclude>
    <ClInclude Include="GeoTagFileData.h">
      <Filter>Header Files</Filter>
    </ClInclude>
    <ClInclude Include="GeoTagForm.h">
      <Filter>Header Files</Filter>
    </ClInclude>
    <ClInclude Include="GeoTagScriptInterface.h">
      <Filter>Header Files</Filter>
    </ClInclude>
    <ClInclude Include="GEventArgs.h">
      <Filter>Header Files</Filter>
    </ClInclude>
    <ClInclude Include="ImageFileBrowserControl.h">
      <Filter>Header Files</Filter>
    </ClInclude>
    <ClInclude Include="ImageGridContextMenuStrip.h">
      <Filter>Header Files</Filter>
    </ClInclude>
    <ClInclude Include="ImageGridControl.h">
      <Filter>Header Files</Filter>
    </ClInclude>
    <ClInclude Include="ImageGridItem.h">
      <Filter>Header Files</Filter>
    </ClInclude>
    <ClInclude Include="ImageGridMouseEventArgs.h">
      <Filter>Header Files</Filter>
    </ClInclude>
    <ClInclude Include="ImageGridPagerControl.h">
      <Filter>Header Files</Filter>
    </ClInclude>
    <ClInclude Include="ImageGridToolStripMenuItem.h">
      <Filter>Header Files</Filter>
    </ClInclude>
    <ClInclude Include="ImagePanelControl.h">
      <Filter>Header Files</Filter>
    </ClInclude>
    <ClInclude Include="ImageSearchForm.h">
      <Filter>Header Files</Filter>
    </ClInclude>
    <ClInclude Include="ImageStream.h">
      <Filter>Header Files</Filter>
    </ClInclude>
    <ClInclude Include="InfoIcon.h">
      <Filter>Header Files</Filter>
    </ClInclude>
    <ClInclude Include="InputDialog.h">
      <Filter>Header Files</Filter>
    </ClInclude>
    <ClInclude Include="LogForm.h">
      <Filter>Header Files</Filter>
    </ClInclude>
    <ClInclude Include="LoginDialog.h">
      <Filter>Header Files</Filter>
    </ClInclude>
    <ClInclude Include="MainForm.h">
      <Filter>Header Files</Filter>
    </ClInclude>
    <ClInclude Include="MediaFileWatcher.h">
      <Filter>Header Files</Filter>
    </ClInclude>
    <ClInclude Include="MediaInfoForm.h">
      <Filter>Header Files</Filter>
    </ClInclude>
    <ClInclude Include="MediaPreviewControl.h">
      <Filter>Header Files</Filter>
    </ClInclude>
    <ClInclude Include="PagerControl.h">
      <Filter>Header Files</Filter>
    </ClInclude>
    <ClInclude Include="PicasaAlbumForm.h">
      <Filter>Header Files</Filter>
    </ClInclude>
    <ClInclude Include="PicasaAsyncState.h">
      <Filter>Header Files</Filter>
    </ClInclude>
    <ClInclude Include="PicasaCommentForm.h">
      <Filter>Header Files</Filter>
    </ClInclude>
    <ClInclude Include="PicasaForm.h">
      <Filter>Header Files</Filter>
    </ClInclude>
    <ClInclude Include="PicasaPhotoForm.h">
      <Filter>Header Files</Filter>
    </ClInclude>
    <ClInclude Include="PicasaUser.h">
      <Filter>Header Files</Filter>
    </ClInclude>
    <ClInclude Include="ProgressForm.h">
      <Filter>Header Files</Filter>
    </ClInclude>
    <ClInclude Include="ResizeForm.h">
      <Filter>Header Files</Filter>
    </ClInclude>
    <ClInclude Include="ResizeUpdateEventArgs.h">
      <Filter>Header Files</Filter>
    </ClInclude>
    <ClInclude Include="resource.h">
      <Filter>Header Files</Filter>
    </ClInclude>
    <ClInclude Include="SearchOptionsForm.h">
      <Filter>Header Files</Filter>
    </ClInclude>
    <ClInclude Include="SearchTextBoxControl.h">
      <Filter>Header Files</Filter>
    </ClInclude>
    <ClInclude Include="SearchTextBoxToolStripItem.h">
      <Filter>Header Files</Filter>
    </ClInclude>
    <ClInclude Include="Settings.h">
      <Filter>Header Files</Filter>
    </ClInclude>
    <ClInclude Include="stdafx.h">
      <Filter>Header Files</Filter>
    </ClInclude>
    <ClInclude Include="StreamingAudioBuffer.h">
      <Filter>Header Files</Filter>
    </ClInclude>
    <ClInclude Include="TagEditorForm.h">
      <Filter>Header Files</Filter>
    </ClInclude>
    <ClInclude Include="UploadOutputForm.h">
      <Filter>Header Files</Filter>
    </ClInclude>
    <ClInclude Include="VideoDebugForm.h">
      <Filter>Header Files</Filter>
    </ClInclude>
    <ClInclude Include="VideoLibTest.h">
      <Filter>Header Files</Filter>
    </ClInclude>
    <ClInclude Include="VideoPanelControl.h">
      <Filter>Header Files</Filter>
    </ClInclude>
    <ClInclude Include="VideoRender.h">
      <Filter>Header Files</Filter>
    </ClInclude>
    <ClInclude Include="VideoState.h">
      <Filter>Header Files</Filter>
    </ClInclude>
    <ClInclude Include="YoutubeForm.h">
      <Filter>Header Files</Filter>
    </ClInclude>
    <ClInclude Include="BytesWrittenEventArgs.h">
      <Filter>Header Files\HTTP</Filter>
    </ClInclude>
    <ClInclude Include="HttpRequest.h">
      <Filter>Header Files\HTTP</Filter>
    </ClInclude>
    <ClInclude Include="MimePart.h">
      <Filter>Header Files\HTTP</Filter>
    </ClInclude>
    <ClInclude Include="MultipartContent.h">
      <Filter>Header Files\HTTP</Filter>
    </ClInclude>
    <ClInclude Include="StreamMimePart.h">
      <Filter>Header Files\HTTP</Filter>
    </ClInclude>
    <ClInclude Include="StringMimePart.h">
      <Filter>Header Files\HTTP</Filter>
    </ClInclude>
    <ClInclude Include="UploadImage.h">
      <Filter>Header Files\HTTP</Filter>
    </ClInclude>
    <ClInclude Include="DownloadProgressForm.h">
      <Filter>Header Files\ProgressForm</Filter>
    </ClInclude>
    <ClInclude Include="ConcurrentList.h">
      <Filter>Header Files\Concurrent</Filter>
    </ClInclude>
    <ClInclude Include="PicasaComment.h">
      <Filter>Header Files\PicasaFeed</Filter>
    </ClInclude>
    <ClInclude Include="PicasaPhotoMetaData.h">
      <Filter>Header Files\PicasaFeed</Filter>
    </ClInclude>
    <ClInclude Include="PicasaService2.h">
      <Filter>Header Files\PicasaFeed</Filter>
    </ClInclude>
    <ClInclude Include="FileUtils.h">
      <Filter>Header Files\Utils</Filter>
    </ClInclude>
    <ClInclude Include="FileUtilsEventArgs.h">
      <Filter>Header Files\Utils</Filter>
    </ClInclude>
    <ClInclude Include="ImageUtils.h">
      <Filter>Header Files\Utils</Filter>
    </ClInclude>
    <ClInclude Include="MediaFormatConvert.h">
      <Filter>Header Files\Utils</Filter>
    </ClInclude>
    <ClInclude Include="Util.h">
      <Filter>Header Files\Utils</Filter>
    </ClInclude>
    <ClInclude Include="WindowsUtils.h">
      <Filter>Header Files\Utils</Filter>
    </ClInclude>
    <ClInclude Include="AuthInfo.h">
      <Filter>Header Files\OAuth2</Filter>
    </ClInclude>
    <ClInclude Include="OAuth2.h">
      <Filter>Header Files\OAuth2</Filter>
    </ClInclude>
    <ClInclude Include="PicasaLoginDialog.h">
      <Filter>Header Files\OAuth2</Filter>
    </ClInclude>
    <ClInclude Include="PicasaOAuth2.h">
      <Filter>Header Files\OAuth2</Filter>
    </ClInclude>
    <ClInclude Include="Database.h">
      <Filter>Header Files\Database</Filter>
    </ClInclude>
    <ClInclude Include="MySQL.h">
      <Filter>Header Files\Database</Filter>
    </ClInclude>
    <ClInclude Include="Tags.h">
      <Filter>Header Files\Database</Filter>
    </ClInclude>
    <ClInclude Include="FileMetaData.h">
      <Filter>Header Files\MetaData</Filter>
    </ClInclude>
    <ClInclude Include="FormatMetaData.h">
      <Filter>Header Files\MetaData</Filter>
    </ClInclude>
    <ClInclude Include="GeoTagCoordinatePair.h">
      <Filter>Header Files\MetaData</Filter>
    </ClInclude>
    <ClInclude Include="MetaDataTree.h">
      <Filter>Header Files\MetaData</Filter>
    </ClInclude>
    <ClInclude Include="XMP_Const.h">
      <Filter>Header Files\MetaData</Filter>
    </ClInclude>
    <ClInclude Include="XMP_Environment.h">
      <Filter>Header Files\MetaData</Filter>
    </ClInclude>
    <ClInclude Include="MetaDataItem.h">
      <Filter>Header Files\MetaData\TreeViewAdv</Filter>
    </ClInclude>
    <ClInclude Include="MetaDataModel.h">
      <Filter>Header Files\MetaData\TreeViewAdv</Filter>
    </ClInclude>
    <ClInclude Include="ImageFile.h">
      <Filter>Header Files\MediaFile</Filter>
    </ClInclude>
    <ClInclude Include="MediaFile.h">
      <Filter>Header Files\MediaFile</Filter>
    </ClInclude>
    <ClInclude Include="MediaFileException.h">
      <Filter>Header Files\MediaFile</Filter>
    </ClInclude>
    <ClInclude Include="MediaFileFactory.h">
      <Filter>Header Files\MediaFile</Filter>
    </ClInclude>
    <ClInclude Include="UnknownFile.h">
      <Filter>Header Files\MediaFile</Filter>
    </ClInclude>
    <ClInclude Include="VideoFile.h">
      <Filter>Header Files\MediaFile</Filter>
    </ClInclude>
    <ClInclude Include="DefaultTimer.h">
      <Filter>Header Files\HRTimer</Filter>
    </ClInclude>
    <ClInclude Include="HRTimer.h">
      <Filter>Header Files\HRTimer</Filter>
    </ClInclude>
    <ClInclude Include="HRTimerFactory.h">
      <Filter>Header Files\HRTimer</Filter>
    </ClInclude>
    <ClInclude Include="HRTimerTest.h">
      <Filter>Header Files\HRTimer</Filter>
    </ClInclude>
    <ClInclude Include="MultiMediaTimer.h">
      <Filter>Header Files\HRTimer</Filter>
    </ClInclude>
    <ClInclude Include="TimerQueueTimer.h">
      <Filter>Header Files\HRTimer</Filter>
    </ClInclude>
    <ClInclude Include="MediaSearch.h">
      <Filter>Header Files\MediaSearch</Filter>
    </ClInclude>
    <ClInclude Include="MediaSearchState.h">
      <Filter>Header Files\MediaSearch</Filter>
    </ClInclude>
  </ItemGroup>
  <ItemGroup>
    <Image Include="app.ico">
      <Filter>Resource Files</Filter>
    </Image>
  </ItemGroup>
  <ItemGroup>
    <ResourceCompile Include="app.rc">
      <Filter>Resource Files</Filter>
    </ResourceCompile>
  </ItemGroup>
  <ItemGroup>
    <None Include="log4net.config" />
  </ItemGroup>
  <ItemGroup>
    <Text Include="ReadMe.txt" />
  </ItemGroup>
  <ItemGroup>
    <CustomBuild Include="ImagePanel.h">
      <Filter>Header Files</Filter>
    </CustomBuild>
    <CustomBuild Include="GeoTag.htm" />
    <CustomBuild Include="geotag.js" />
  </ItemGroup>
</Project>